github.com/AndreasBriese/bbloom v0.0.0-20180913140656-343706a395b7 h1:PqzgE6kAMi81xWQA2QIVxjWkFHptGgC547vchpUbtFo=
github.com/AndreasBriese/bbloom v0.0.0-20180913140656-343706a395b7/go.mod h1:bOvUY6CB00SOBii9/FifXqc0awNKxLFCL/+pkDPuyl8=
github.com/agl/ed25519 v0.0.0-20170116200512-5312a6153412 h1:w1UutsfOrms1J05zt7ISrnJIXKzwaspym5BTKGx93EI=
github.com/agl/ed25519 v0.0.0-20170116200512-5312a6153412/go.mod h1:WPjqKcmVOxf0XSf3YxCJs6N6AOSrOx3obionmG7T0y0=
github.com/awalterschulze/gographviz v0.0.0-20180927133620-e69668a01397 h1:SzTF/aqwdSBijZUpXvw1ditdkwfU+ONMyocC2CyRtrM=
github.com/awalterschulze/gographviz v0.0.0-20180927133620-e69668a01397/go.mod h1:GEV5wmg4YquNw7v1kkyoX9etIk8yVmXj+AkDHuuETHs=
github.com/btcsuite/btcd v0.0.0-20180924021209-2a560b2036be h1:okpkDD2klX1OdvDlxlUW9bnfODro1x7y7IeGMxs8VvE=
github.com/btcsuite/btcd v0.0.0-20180924021209-2a560b2036be/go.mod h1:Dmm/EzmjnCiweXmzRIAiUWCInVmPgjkzgv5k4tVyXiQ=
github.com/btcsuite/btcutil v0.0.0-20180706230648-ab6388e0c60a h1:RQMUrEILyYJEoAT34XS/kLu40vC0+po/UfxrBBA4qZE=
github.com/btcsuite/btcutil v0.0.0-20180706230648-ab6388e0c60a/go.mod h1:+5NJ2+qvTyV9exUAL/rxXi3DcLg2Ts+ymUAY5y4NvMg=
github.com/coreos/go-semver v0.2.0 h1:3Jm3tLmsgAYcjC+4Up7hJrFBPr+n7rAqYeSw/SZazuY=
github.com/coreos/go-semver v0.2.0/go.mod h1:nnelYz7RCh+5ahJtPPxZlU+153eP4D4r3EedlOD2RNk=
github.com/dgraph-io/badger v1.5.4 h1:gVTrpUTbbr/T24uvoCaqY2KSHfNLVGm0w+hbee2HMeg=
github.com/dgraph-io/badger v1.5.4/go.mod h1:VZxzAIRPHRVNRKRo6AXrX9BJegn6il06VMTZVJYCIjQ=
github.com/dgryski/go-farm v0.0.0-20180109070241-2de33835d102 h1:afESQBXJEnj3fu+34X//E8Wg3nEbMJxJkwSc0tPePK0=
github.com/dgryski/go-farm v0.0.0-20180109070241-2de33835d102/go.mod h1:SqUrOPUnsFjfmXRMNPybcSiG0BgUW2AuFH8PAnS2iTw=
github.com/fd/go-nat v1.0.0 h1:DPyQ97sxA9ThrWYRPcWUz/z9TnpTIGRYODIQc/dy64M=
github.com/fd/go-nat v1.0.0/go.mod h1:BTBu/CKvMmOMUPkKVef1pngt2WFH/lg7E6yQnulfp6E=
github.com/figaro-tech/go-fig-buf v0.1.0 h1:nUmYvyD2l4z9LGuTcAZdHgGNjBsGVrexeKagJf3jPwg=
github.com/figaro-tech/go-fig-buf v0.1.0/go.mod h1:yV3XkzYsoPxbULtju/Bsn0PLkP6NKeAhJ0Ci8ApdjZQ=
github.com/figaro-tech/go-fig-crypto v0.1.0 h1:C/KYkEyIzR8INUJOZaxAFJzhf6zg5xj3xhK2o7+HJug=
github.com/figaro-tech/go-fig-crypto v0.1.0/go.mod h1:onH9ULZQHKuMlllU9MpuS7oJgR4i8hs4XqjtYnFQxHk=
github.com/figaro-tech/go-fig-db v0.1.1 h1:xhN2ubEn6eWe8Zn4F0O72ym6VElqrO2BAA7yhi5NUPE=
github.com/figaro-tech/go-fig-db v0.1.1/go.mod h1:j6ECqeCg3uiJBkC0sXwkGyBJ3ALBRaeFmjvqvctE3cg=
github.com/figaro-tech/go-fig-p2p v0.1.0 h1:w17m59/J0Ee+8ZXOLraAHUa71jMeaYOpDuICaNUnhGY=
github.com/figaro-tech/go-fig-p2p v0.1.0/go.mod h1:hVKSec6J1BtDFsoF+oRc0rk616obYEEir1C3WdwH7Pw=
github.com/gogo/protobuf v1.1.1 h1:72R+M5VuhED/KujmZVcIquuo8mBgX4oVda//DQb3PXo=
github.com/gogo/protobuf v1.1.1/go.mod h1:r8qH/GZQm5c6nD/R0oafs1akxWv10x8SbQlK7atdtwQ=
github.com/golang/protobuf v1.2.0 h1:P3YflyNX/ehuJFLhxviNdFxQPkGK5cDcApsge1SqnvM=
github.com/golang/protobuf v1.2.0/go.mod h1:6lQm79b+lXiMfvg/cZm0SGofjICqVBUtrP5yJMmIC1U=
github.com/google/uuid v1.0.0 h1:b4Gk+7WdP/d3HZH8EJsZpvV7EtDOgaZLtnaNGIu1adA=
github.com/google/uuid v1.0.0/go.mod h1:TIyPZe4MgqvfeYDBFedMoGGpEw/LqOeaOT+nhxU+yHo=
github.com/gorilla/websocket v1.4.0/go.mod h1:E7qHFY5m1UJ88s3WnNqhKjPHQ0heANvMoAMk2YaljkQ=
github.com/gxed/GoEndian v0.0.0-20160916112711-0f5c6873267e/go.mod h1:vckkIQ0K+GGne8aC4LseYg586YwBQhOxXMXGAmKsCdY=
github.com/gxed/eventfd v0.0.0-20160916113412-80a92cca79a8/go.mod h1:UNZeDpt9TUOMKVo89Fm0D2Ql3htmIN8BzxIcQcmogzs=
github.com/gxed/hashland v0.0.0-20180221191214-d9f6b97f8db2 h1:neM/RzmgBKxsJ3ioEZnIQmgQQq/sn6xDqYOEYnH3RYM=
github.com/gxed/hashland v0.0.0-20180221191214-d9f6b97f8db2/go.mod h1:YUhWml1NaWLTNBl4NPptkB8MadfaIhgq+a2TRc+Mw4Q=
github.com/hashicorp/golang-lru v0.5.0 h1:CL2msUPvZTLb5O648aiLNJw3hnBxN2+1Jq8rCOH9wdo=
github.com/hashicorp/golang-lru v0.5.0/go.mod h1:/m3WP610KZHVQ1SGc6re/UDhFvYD7pJ4Ao+sR/qLZy8=
github.com/huin/goupnp v0.0.0-20180415215157-1395d1447324 h1:PV190X5/DzQ/tbFFG5YpT5mH6q+cHlfgqI5JuRnH9oE=
github.com/huin/goupnp v0.0.0-20180415215157-1395d1447324/go.mod h1:MZ2ZmwcBpvOoJ22IJsc7va19ZwoheaBk43rKg12SKag=
github.com/ipfs/go-cid v0.9.0 h1:EdO7meRzk9MpAo8DbOmPDU3Yh2BQ4ABc0xN2wgEtREA=
github.com/ipfs/go-cid v0.9.0/go.mod h1:DEZAg7ik3SR8PY77P+hNaWtHtBirqeEgHbfmePL8WJA=
github.com/ipfs/go-datastore v0.0.0-20180927163257-19b8f34d345e/go.mod h1:bYmHO9fuKO1Ca7dpdDBWQl0mndy5b0HFqSJjGlNYtzs=
github.com/ipfs/go-datastore v3.2.0+incompatible h1:d9fANkqO9u1kgx6FSlZb8eZPDzD2uthVikkJAI7CUII=
github.com/ipfs/go-datastore v3.2.0+incompatible/go.mod h1:bYmHO9fuKO1Ca7dpdDBWQl0mndy5b0HFqSJjGlNYtzs=
github.com/ipfs/go-ipfs-util v1.2.8 h1:iZ+OcHCaN2BaHU0pe9JDGVySHUUmfwqHA2pd7XxMh7A=
github.com/ipfs/go-ipfs-util v1.2.8/go.mod h1:bmXd4M1Sn0MFKptfxu9KuWvtHySyFMzkSd2rcT8Hw80=
github.com/ipfs/go-log v1.5.7 h1:8ef7XW41hzAnvVNkK5009/bOA9/MFr7fhdzkfAqvolI=
github.com/ipfs/go-log v1.5.7/go.mod h1:AKYS9u+ECLT8t30brTaoVwu3f1FpGx6C0352oI1zQ0Q=
github.com/ipfs/go-todocounter v1.0.1 h1:YExLZ2JceUGDc0of36cNGgl0fqHvPHVpgpxHsQ2tYrg=
github.com/ipfs/go-todocounter v1.0.1/go.mod h1:l5aErvQc8qKE2r7NDMjmq5UNAvuZy0rC8BHOplkWvZ4=
github.com/jackpal/gateway v1.0.4 h1:LS5EHkLuQ6jzaHwULi0vL+JO0mU/n4yUtK8oUjHHOlM=
github.com/jackpal/gateway v1.0.4/go.mod h1:lTpwd4ACLXmpyiCTRtfiNyVnUmqT9RivzCDQetPfnjA=
github.com/jackpal/go-nat-pmp v1.0.1 h1:i0LektDkO1QlrTm/cSuP+PyBCDnYvjPLGl4LdWEMiaA=
github.com/jackpal/go-nat-pmp v1.0.1/go.mod h1:QPH045xvCAeXUZOxsnwmrtiCoxIr9eob+4orBN1SBKc=
github.com/jbenet/go-context v0.0.0-20150711004518-d14ea06fba99 h1:BQSFePA1RWJOlocH6Fxy8MmwDt+yVQYULKfN0RoTN8A=
github.com/jbenet/go-context v0.0.0-20150711004518-d14ea06fba99/go.mod h1:1lJo3i6rXxKeerYnT8Nvf0QmHCRC1n8sfWVwXF2Frvo=
github.com/jbenet/go-temp-err-catcher v0.0.0-20150120210811-aac704a3f4f2/go.mod h1:8GXXJV31xl8whumTzdZsTt3RnUIiPqzkyf7mxToRCMs=
github.com/jbenet/goprocess v0.0.0-20160826012719-b497e2f366b8 h1:bspPhN+oKYFk5fcGNuQzp6IGzYQSenLEgH3s6jkXrWw=
github.com/jbenet/goprocess v0.0.0-20160826012719-b497e2f366b8/go.mod h1:Ly/wlsjFq/qrU3Rar62tu1gASgGw6chQbSh/XgIIXCY=
github.com/libp2p/go-addr-util v2.0.6+incompatible h1:Wamvv85z8aFXCRRW4F7q5J/6k+yvnDnqu3VY8LkCX7c=
github.com/libp2p/go-addr-util v2.0.6+incompatible/go.mod h1:doh2auL/Rkfq1xHxDrWJGHZ8yDojPerOZoPu9XVwRB8=
github.com/libp2p/go-buffer-pool v0.1.1/go.mod h1:xtyIz9PMobb13WaxR6Zo1Pd1zXJKYg0a8KiIvDp3TzQ=
github.com/libp2p/go-conn-security v0.1.10/go.mod h1:lIqm8x2wrAxlG+6CzJ3z4Nk5/F73zdjkS6RKbHSbaJ4=
github.com/libp2p/go-conn-security-multistream v0.1.10/go.mod h1:hBY3HYjGnK86P3pX3wgr9IAfe3A/vZB830LJAMi1g88=
github.com/libp2p/go-flow-metrics v0.2.0 h1:GAJSg/g+xLuc7vz0RN96pRA9q/n5b5+Hs6SndagmOR4=
github.com/libp2p/go-flow-metrics v0.2.0/go.mod h1:Iv1GH0sG8DtYN3SVJ2eG221wMiNpZxBdp967ls1g+k8=
github.com/libp2p/go-libp2p v0.0.0-20181001013843-57ed88e170d6/go.mod h1:CyUlFa6Mw04PkmMg8gBIlHUl8j3TrEiA6oFiF4SgD8w=
github.com/libp2p/go-libp2p v6.0.13+incompatible h1:6Mp5BKkvZm117qtT4X4eKGt2eBU0ldlf3oUErUqUNAA=
github.com/libp2p/go-libp2p v6.0.13+incompatible/go.mod h1:CyUlFa6Mw04PkmMg8gBIlHUl8j3TrEiA6oFiF4SgD8w=
github.com/libp2p/go-libp2p-circuit v2.2.2+incompatible/go.mod h1:DH3RV0Tb4cHZAdSsdNOitADXTqRiFZxJmSk7mMcCFN4=
github.com/libp2p/go-libp2p-crypto v2.0.1+incompatible h1:JAnZYupeAsZI5UqX50N9MWAVNO5HIfkow249YcmuvVs=
github.com/libp2p/go-libp2p-crypto v2.0.1+incompatible/go.mod h1:WHpT3tvhh7GM2INNJhQBuI6J+5z/o3QI0lTF5UVjppk=
github.com/libp2p/go-libp2p-host v3.0.10+incompatible h1:Rf31+NhGD0Onb7/xWfP8oBKqoesn+Bo3p8ByiNA+FCg=
github.com/libp2p/go-libp2p-host v3.0.10+incompatible/go.mod h1:iAthoepYpyqzb89f4RmqzF9+ebsWPFBTvSedSlcWupg=
github.com/libp2p/go-libp2p-interface-connmgr v0.0.16 h1:t29VJYZlmLZKsaUnQYVpQju2eitldowvdnnxJ/KhkNw=
github.com/libp2p/go-libp2p-interface-connmgr v0.0.16/go.mod h1:2LbTwxMveREcmkOWo/s6MM7xDvSZbW8J8kYDF4Mj648=
github.com/libp2p/go-libp2p-interface-pnet v3.0.0+incompatible/go.mod h1:el9jHpQAXK5dnTpKA4yfCNBZXvrzdOU75zz+C6ryp3k=
github.com/libp2p/go-libp2p-kad-dht v0.0.0-20180924125413-fd8d798b512f/go.mod h1:o7SLAgKvO96vfE0SrzjJfAdCbJjKRfRnbtyUIQg+rqg=
github.com/libp2p/go-libp2p-kad-dht v4.4.2+incompatible h1:mtCL3KE4eQ4m0eheZ66Ti2qFATw4tIOST9wso+yovFw=
github.com/libp2p/go-libp2p-kad-dht v4.4.2+incompatible/go.mod h1:o7SLAgKvO96vfE0SrzjJfAdCbJjKRfRnbtyUIQg+rqg=
github.com/libp2p/go-libp2p-kbucket v2.2.8+incompatible h1:JnWz/etgAsRHmcYKGASPuXZyo7DOzu1IlF1kowB2ewc=
github.com/libp2p/go-libp2p-kbucket v2.2.8+incompatible/go.mod h1:MTtm31eal94QTxVOWYTDZ6G1YOJRN2G3ESQHbaPytLk=
github.com/libp2p/go-libp2p-loggables v1.1.22 h1:n25P9uYpSCmZUE5brUZyjoyB9QjyFb4M60A/PM5wr3k=
github.com/libp2p/go-libp2p-loggables v1.1.22/go.mod h1:jcP5HmpEBcQ2w5u9xhLkCv73GBPKz3weC/s6ZWhXn+k=
github.com/libp2p/go-libp2p-metrics v2.1.6+incompatible h1:lG+q2QomfKLfRQA74nre3mXX8XzlCkBwyIRDz41cc6s=
github.com/libp2p/go-libp2p-metrics v2.1.6+incompatible/go.mod h1:ko4lRyuvbgwwxD2TJvt2RHONahjJlkn6l7L/iEbJBf0=
github.com/libp2p/go-libp2p-nat v0.8.7 h1:qSN1UQyx2RpOgnwU77+VwlSofbeDnAPdguTW1rIYbxY=
github.com/libp2p/go-libp2p-nat v0.8.7/go.mod h1:cA6+rN+EcOAzmSL3vQ53VxX/FfOL1WGeJUvZgqjm2eQ=
github.com/libp2p/go-libp2p-net v3.0.10+incompatible h1:tuBwj3VrhKpRYpPx41z9gR6uTVNRDkz4gA9rFmfDHvY=
github.com/libp2p/go-libp2p-net v3.0.10+incompatible/go.mod h1:8W6Wx3AZbTRTe8zSMLoAmT3mGyau+w6kGIRk+Z+MZ7Q=
github.com/libp2p/go-libp2p-peer v2.3.8+incompatible h1:ZMYXJdcX/38UBDjrl5BEYRGRgDkc+r+oMSfysyPM/MQ=
github.com/libp2p/go-libp2p-peer v2.3.8+incompatible/go.mod h1:fS2eFKRO1IomwBAf+SuE8P1XOT/AAiqSgVPNIFA7Jc0=
github.com/libp2p/go-libp2p-peerstore v0.0.0-20180929194258-0df1488a3f84/go.mod h1:lLfgn0N3z2t+ER57a88K7NTZjMO27ez5TyWSURd428E=
github.com/libp2p/go-libp2p-peerstore v2.0.2+incompatible h1:Sn0dj6qHNRJ9IVod9kTdSID3Vxzo7P2xYu4RfgTqBFg=
github.com/libp2p/go-libp2p-peerstore v2.0.2+incompatible/go.mod h1:lLfgn0N3z2t+ER57a88K7NTZjMO27ez5TyWSURd428E=
github.com/libp2p/go-libp2p-protocol v1.0.0 h1:6AnF76m2VjjiaDisOahQnWSnX2WWaISOXC7q9/YJIrM=
github.com/libp2p/go-libp2p-protocol v1.0.0/go.mod h1:Af9n4PiruirSDjHycM1QuiMi/1VZNHYcK8cLgFJLZ4s=
github.com/libp2p/go-libp2p-record v4.1.7+incompatible h1:SDxar7iuh4z03b85lr8tVMSKNWWK73RLkQKyPwcxIeo=
github.com/libp2p/go-libp2p-record v4.1.7+incompatible/go.mod h1:fsxr7H89UzzL4pG23Aq2n/5aNAXxdGEbyBVepo8oXy8=
github.com/libp2p/go-libp2p-routing v2.6.2+incompatible h1:ySwAGRFWc5PUu0IEkgafx7sRtciRCV+SK9faJaBjdB8=
github.com/libp2p/go-libp2p-routing v2.6.2+incompatible/go.mod h1:Alff8O712wWiftX462zvknNmi5RmXtLq/gATcxJ/Hq8=
github.com/libp2p/go-libp2p-secio v2.0.10+incompatible/go.mod h1:U7wBlYK2sZbUiTaGe6xJd/fyNq40gwn+jBk/iEUbUrA=
github.com/libp2p/go-libp2p-swarm v3.0.12+incompatible/go.mod h1:NHa7cA4/y8OKFw3BHQjLL9pwPDFXkgECO/k+2gqSFuk=
github.com/libp2p/go-libp2p-swarm v3.0.13+incompatible h1:KogTT81KcG65UuAxUfHpPhDytgB5xIK2sC1a7ECTb7k=
github.com/libp2p/go-libp2p-swarm v3.0.13+incompatible/go.mod h1:NHa7cA4/y8OKFw3BHQjLL9pwPDFXkgECO/k+2gqSFuk=
github.com/libp2p/go-libp2p-transport v3.0.10+incompatible h1:oPylVt4EX9FhSPuek/jhDqwoCEABXem8hNwcwcd/3sU=
github.com/libp2p/go-libp2p-transport v3.0.10+incompatible/go.mod h1:lcwgOszllbhvQXul37Kv5YbSYXPoUhRB2Z+Nr3jaBmo=
github.com/libp2p/go-libp2p-transport-upgrader v0.1.10/go.mod h1:5r+arPlxwtCEF1aVi/fTQF/ZWGSPHLxBov1DlXDevDA=
github.com/libp2p/go-maddr-filter v1.1.9 h1:832yvrYARYYldUTIUR069BpDICwg8kgjebbfTrZpc0M=
github.com/libp2p/go-maddr-filter v1.1.9/go.mod h1:9uHkmfw086BVLQyQFAbe/peEO9Iley6dafqm3cKHIAk=
github.com/libp2p/go-msgio v0.0.3/go.mod h1:u5M7EDois/gQxdPuEfNYQks5cAu9oxUGDU3dRkGping=
github.com/libp2p/go-reuseport v0.1.18/go.mod h1:UeLFiw50cCfyDHBpU0sXBR8ul1MO/m51mXpRO/SYjCE=
github.com/libp2p/go-reuseport-transport v0.1.10/go.mod h1:twFBnjvBekr78LhW4UaBX26BfN5+0EcO7Y4KwZqDlls=
github.com/libp2p/go-sockaddr v1.0.3/go.mod h1:N/q858DTOi0BT81GpvIRIls1x7my5oLpbxYZnbRXVBM=
github.com/libp2p/go-stream-muxer v3.0.1+incompatible h1:w9q15DATxItvgKwr6/z+47AC/lg2itwoxu4W/uh0EgA=
github.com/libp2p/go-stream-muxer v3.0.1+incompatible/go.mod h1:bAo8x7YkSpadMTbtTaxGVHWUQsR/l5MEaHbKaliuT14=
github.com/libp2p/go-tcp-transport v2.0.10+incompatible/go.mod h1:K6Zi9TkPvn5m/m0bktlJ6Fv9Vna2wvr/jiCtTRC7T8o=
github.com/libp2p/go-ws-transport v2.0.10+incompatible/go.mod h1:qx7Dcw4onTaVNI3iG6q3XOKwNQWnXYhNEHYmhgQmKKk=
github.com/mattn/go-colorable v0.0.9 h1:UVL0vNpWh04HeJXV0KLcaT7r06gOH2l4OW6ddYRUIY4=
github.com/mattn/go-colorable v0.0.9/go.mod h1:9vuHe8Xs5qXnSaW/c/ABM9alt+Vo+STaOChaDxuIBZU=
github.com/mattn/go-isatty v0.0.4 h1:bnP0vzxcAdeI1zdubAl5PjU6zsERjGZb7raWodagDYs=
github.com/mattn/go-isatty v0.0.4/go.mod h1:M+lRXTBqGeGNdLjl/ufCoiOlB5xdOkqRJdNxMWT7Zi4=
github.com/minio/blake2b-simd v0.0.0-20160723061019-3f5f724cb5b1 h1:lYpkrQH5ajf0OXOcUbGjvZxxijuBwbbmlSxLiuofa+g=
github.com/minio/blake2b-simd v0.0.0-20160723061019-3f5f724cb5b1/go.mod h1:pD8RvIylQ358TN4wwqatJ8rNavkEINozVn9DtGI3dfQ=
github.com/minio/sha256-simd v0.0.0-20171213220625-ad98a36ba0da h1:tazA5y1hWYJO8VSYbU36yBhXeIvruLXMUKu6WBtcJck=
github.com/minio/sha256-simd v0.0.0-20171213220625-ad98a36ba0da/go.mod h1:2FMWW+8GMoPweT6+pI63m9YE3Lmw4J71hV56Chs1E/U=
github.com/mr-tron/base58 v0.0.0-20180922112544-9ad991d48a42 h1:/H+QBVxPZWp7WG8dBXXP/qCWP8QU0YczIvvKes/bNpk=
github.com/mr-tron/base58 v0.0.0-20180922112544-9ad991d48a42/go.mod h1:xcD2VGqlgYjBdcBLw+TuYLr8afG+Hj8g2eTVqeSzSU8=
github.com/multiformats/go-multiaddr v0.0.0-20181001011225-fe1c46f8be5a/go.mod h1:1JAWc2R8uiQTLrCHI/lmOkXYu5B8025fQbZjq8//YgY=
github.com/multiformats/go-multiaddr v1.3.0 h1:qv23SBIX9ayNNoGuPFp26xW9cFl3gR4iRXEGFt86aRc=
github.com/multiformats/go-multiaddr v1.3.0/go.mod h1:1JAWc2R8uiQTLrCHI/lmOkXYu5B8025fQbZjq8//YgY=
github.com/multiformats/go-multiaddr-dns v0.2.4 h1:ik5BCP2YNT57x+n6Br1VOGBno9KmPyeJ/dyH3489Va8=
github.com/multiformats/go-multiaddr-dns v0.2.4/go.mod h1:IGZKFM4G96cYgdMcUmHx5gtJxiHmvZLTQ9rdWXMKJyo=
github.com/multiformats/go-multiaddr-net v1.6.3 h1:Who/zy46KcaQjgGqT8hXEtBHnWAWHk33eqqQte+nhW8=
github.com/multiformats/go-multiaddr-net v1.6.3/go.mod h1:AO4WqKzxLt+paJ0N0kufj6teQ2R6fZbnItDvGTwilmk=
github.com/multiformats/go-multibase v0.3.0 h1:KWPXEW0HCkqUHO7XZsoo0jwephTxh9roPT5fro7q0sw=
github.com/multiformats/go-multibase v0.3.0/go.mod h1:RUrDbdRB1mQ1K/3PAh7h7+6NliRK10PA5joM8V0IYLI=
github.com/multiformats/go-multihash v1.0.8 h1:pyowaBSivNxBr137ZjYkr0q4o41MKSJVPKuO7F7AAfY=
github.com/multiformats/go-multihash v1.0.8/go.mod h1:sT17phG+xVgnrZc8ht/ZoCIV0sKRwvmZkXk46UfSxM4=
github.com/multiformats/go-multistream v0.3.9 h1:ZqVaUxtVzjRUCGaO3596vk/rj9UXheIGAdKXXo/VKUA=
github.com/multiformats/go-multistream v0.3.9/go.mod h1:fJTiDfXJVmItycydCnNx4+wSzZ5NwG2FEVAI30fiovg=
github.com/opentracing/opentracing-go v1.0.2 h1:3jA2P6O1F9UOrWVpwrIo17pu01KWvNWg4X946/Y5Zwg=
github.com/opentracing/opentracing-go v1.0.2/go.mod h1:UkNAQd3GIcIGf0SeVgPpRdFStlNbqXla1AfSYxPUl2o=
github.com/pkg/errors v0.8.0 h1:WdK/asTD0HN+q6hsWO3/vpuAkAr+tw6aNJNDFFf0+qw=
github.com/pkg/errors v0.8.0/go.mod h1:bwawxfHBFNV+L2hUp1rHADufV3IMtnDRdf1r5NINEl0=
github.com/spaolacci/murmur3 v0.0.0-20170819071325-9f5d223c6079 h1:lDiM+yMjW7Ork8mhl0YN0qO1Z02qGoe1vwzGc1gP/8U=
github.com/spaolacci/murmur3 v0.0.0-20170819071325-9f5d223c6079/go.mod h1:JwIasOWyU6f++ZhiEuf87xNszmSA2myDM2Kzu9HwQUA=
github.com/whyrusleeping/base32 v0.0.0-20170828182744-c30ac30633cc h1:BCPnHtcboadS0DvysUuJXZ4lWVv5Bh5i7+tbIyi+ck4=
github.com/whyrusleeping/base32 v0.0.0-20170828182744-c30ac30633cc/go.mod h1:r45hJU7yEoA81k6MWNhpMj/kms0n14dkzkxYHoB96UM=
github.com/whyrusleeping/go-keyspace v0.0.0-20160322163242-5b898ac5add1 h1:EKhdznlJHPMoKr0XTrX+IlJs1LH3lyx2nfr1dOlZ79k=
github.com/whyrusleeping/go-keyspace v0.0.0-20160322163242-5b898ac5add1/go.mod h1:8UvriyWtv5Q5EOgjHaSseUEdkQfvwFv1I/In/O2M9gc=
github.com/whyrusleeping/go-logging v0.0.0-20170515211332-0457bb6b88fc h1:9lDbC6Rz4bwmou+oE6Dt4Cb2BGMur5eR/GYptkKUVHo=
github.com/whyrusleeping/go-logging v0.0.0-20170515211332-0457bb6b88fc/go.mod h1:bopw91TMyo8J3tvftk8xmU2kPmlrt4nScJQZU2hE5EM=
github.com/whyrusleeping/go-multiplex v0.2.26/go.mod h1:4RC9WGo4ProT/a2uTYVgqMxurfyI45hjPSTGLao8VFY=
github.com/whyrusleeping/go-notifier v0.0.0-20170827234753-097c5d47330f h1:M/lL30eFZTKnomXY6huvM6G0+gVquFNf6mxghaWlFUg=
github.com/whyrusleeping/go-notifier v0.0.0-20170827234753-097c5d47330f/go.mod h1:cZNvX9cFybI01GriPRMXDtczuvUhgbcYr9iCGaNlRv8=
github.com/whyrusleeping/go-smux-multiplex v3.0.13+incompatible/go.mod h1:34LEDbeKFZInPUrAG+bjuJmUXONGdEFW7XL0SpTY1y4=
github.com/whyrusleeping/go-smux-multistream v2.0.2+incompatible/go.mod h1:dRWHHvc4HDQSHh9gbKEBbUZ+f2Q8iZTPG3UOGYODxSQ=
github.com/whyrusleeping/go-smux-yamux v0.0.0-20180926192932-f60148d42be1/go.mod h1:6qHUzBXUbB9MXmw3AUdB52L8sEb/hScCqOdW2kj/wuI=
github.com/whyrusleeping/mafmt v0.0.0-20180627004827-1dc32401ee9f h1:K+jRchI301pbgC5O7JaM/ykXqQUhEukwzTwfujBVQbI=
github.com/whyrusleeping/mafmt v0.0.0-20180627004827-1dc32401ee9f/go.mod h1:faQJFPbLSxzD9xpA02ttW/tS9vZykNvXwGvqIpk20FA=
github.com/whyrusleeping/multiaddr-filter v0.0.0-20160516205228-e903e4adabd7 h1:E9S12nwJwEOXe2d6gT6qxdvqMnNq+VnSsKPgm2ZZNds=
github.com/whyrusleeping/multiaddr-filter v0.0.0-20160516205228-e903e4adabd7/go.mod h1:X2c0RVCI1eSUFI8eLcY3c0423ykwiUdxLJtkDvruhjI=
github.com/whyrusleeping/yamux v0.0.0-20180925221047-3f61f992de5b/go.mod h1:E8LnQQ8HKx5KD29HZFUwM1PxCOdPRzGwur1mcYhXcD8=
golang.org/x/crypto v0.0.0-20181001203147-e3636079e1a4 h1:Vk3wNqEZwyGyei9yq5ekj7frek2u7HUfffJ1/opblzc=
golang.org/x/crypto v0.0.0-20181001203147-e3636079e1a4/go.mod h1:6SG95UA2DQfeDnfUPMdvaQW0Q7yPrPDi9nlGo2tz2b4=
golang.org/x/net v0.0.0-20180524181706-dfa909b99c79/go.mod h1:mL1N/T3taQHkDXs73rZJwtUhF3w3ftmwwsq0BUmARs4=
golang.org/x/net v0.0.0-20181003013248-f5e5bdd77824 h1:MkjFNbaZJyH98M67Q3umtwZ+EdVdrNJLqSwZp5vcv60=
golang.org/x/net v0.0.0-20181003013248-f5e5bdd77824/go.mod h1:mL1N/T3taQHkDXs73rZJwtUhF3w3ftmwwsq0BUmARs4=
golang.org/x/sys v0.0.0-20180928133829-e4b3c5e90611/go.mod h1:STP8DvDyc/dI5b8T5hshtkjS+E42TnysNCUPdjciGhY=
golang.org/x/sys v0.0.0-20181003145944-af653ce8b74f h1:zAtpFwFDtnvBWPPelq8CSiqRN1wrIzMUk9dwzbpjpNM=
golang.org/x/sys v0.0.0-20181003145944-af653ce8b74f/go.mod h1:STP8DvDyc/dI5b8T5hshtkjS+E42TnysNCUPdjciGhY=
golang.org/x/text v0.3.0 h1:g61tztE5qeGQ89tm6NTjjM9VPIm088od1l6aSorWRWg=
golang.org/x/text v0.3.0/go.mod h1:NqM8EUOU14njkJ3fqMW+pc6Ldnwhi/IjpwHt7yyuwOQ=
